dependencies:
  cherry-embedded/cherryusb:
    component_hash: b8b0db4ed23d32e01ec41138600fb014bcf060a34b541daba1fca6ed22a61dfc
    dependencies: []
    source:
      registry_url: https://components.espressif.com/
      type: service
    version: 1.6.1
  idf:
    source:
      type: idf
    version: 5.5.3
direct_dependencies:
- cherry-embedded/cherryusb
manifest_hash: d6efc00854866086fda71764d446bb66fa9d317b7f8b1840b42667eb19aeae90
target: esp32s3
version: 2.0.0
